
Microsoft Visual Studio Solution File, Format Version 12.00
# Visual Studio 15
VisualStudioVersion = 15.0.27703.2018
MinimumVisualStudioVersion = 10.0.40219.1
Project("{FAE04EC0-301F-11D3-BF4B-00C04F79EFBC}") = "DelfinASP.NET", "DelfinASP.NET\DelfinASP.NET.csproj", "{9750E9D1-42D2-4C27-AE7E-F3893A32B93F}"
EndProject
Global
	GlobalSection(SolutionConfigurationPlatforms) = preSolution
		Debug|Any CPU = Debug|Any CPU
		Release|Any CPU = Release|Any CPU
	EndGlobalSection
	GlobalSection(ProjectConfigurationPlatforms) = postSolution
		{9750E9D1-42D2-4C27-AE7E-F3893A32B93F}.Debug|Any CPU.ActiveCfg = Debug|Any CPU
		{9750E9D1-42D2-4C27-AE7E-F3893A32B93F}.Debug|Any CPU.Build.0 = Debug|Any CPU
		{9750E9D1-42D2-4C27-AE7E-F3893A32B93F}.Release|Any CPU.ActiveCfg = Release|Any CPU
		{9750E9D1-42D2-4C27-AE7E-F3893A32B93F}.Release|Any CPU.Build.0 = Release|Any CPU
	EndGlobalSection
	GlobalSection(SolutionProperties) = preSolution
		HideSolutionNode = FALSE
	EndGlobalSection
	GlobalSection(ExtensibilityGlobals) = postSolution
		SolutionGuid = {1D75B3E8-CC29-4C1C-87F0-24D5ED4B9700}
	EndGlobalSection
EndGlobal
